// !$*UTF8*$!
{
	archiveVersion = 1;
	classes = {
	};
	objectVersion = 46;
	objects = {

/* Begin PBXBuildFile section */
		AC8815581635EC5700141253 /* MetrolinkDataSource.m in Sources */ = {isa = PBXBuildFile; fileRef = AC8815571635EC5700141253 /* MetrolinkDataSource.m */; };
		AC88155B1635EF9100141253 /* OCTADataSource.m in Sources */ = {isa = PBXBuildFile; fileRef = AC88155A1635EF9100141253 /* OCTADataSource.m */; };
		AC88155E1635F01800141253 /* OCTATableCell.m in Sources */ = {isa = PBXBuildFile; fileRef = AC88155D1635F01700141253 /* OCTATableCell.m */; };
		CE8E1E2516372E8A00DCB6CF /* MetrolinkLineList.m in Sources */ = {isa = PBXBuildFile; fileRef = CE8E1E2416372E8900DCB6CF /* MetrolinkLineList.m */; };
		CE8E1E29163734FB00DCB6CF /* MetrolinkCityList.m in Sources */ = {isa = PBXBuildFile; fileRef = CE8E1E28163734FB00DCB6CF /* MetrolinkCityList.m */; };
		CE8E1E311637478F00DCB6CF /* MetrolinkTimesList.m in Sources */ = {isa = PBXBuildFile; fileRef = CE8E1E301637478F00DCB6CF /* MetrolinkTimesList.m */; };
		CE8E1E37163753DB00DCB6CF /* Metrolink_All_Lines_timetable.pdf in Resources */ = {isa = PBXBuildFile; fileRef = CE8E1E36163753DB00DCB6CF /* Metrolink_All_Lines_timetable.pdf */; };
		CE8E1E39163753E700DCB6CF /* sysmapjune12.pdf in Resources */ = {isa = PBXBuildFile; fileRef = CE8E1E38163753E700DCB6CF /* sysmapjune12.pdf */; };
		CE8E1E3E1637540C00DCB6CF /* 6-12AM.png in Resources */ = {isa = PBXBuildFile; fileRef = CE8E1E3A1637540C00DCB6CF /* 6-12AM.png */; };
		CE8E1E3F1637540C00DCB6CF /* 6-12PM.png in Resources */ = {isa = PBXBuildFile; fileRef = CE8E1E3B1637540C00DCB6CF /* 6-12PM.png */; };
		CE8E1E401637540C00DCB6CF /* 12-6AM.png in Resources */ = {isa = PBXBuildFile; fileRef = CE8E1E3C1637540C00DCB6CF /* 12-6AM.png */; };
		CE8E1E411637540C00DCB6CF /* 12-6PM.png in Resources */ = {isa = PBXBuildFile; fileRef = CE8E1E3D1637540C00DCB6CF /* 12-6PM.png */; };
		CE8E1E441637550300DCB6CF /* MetrolinkPDFController.m in Sources */ = {isa = PBXBuildFile; fileRef = CE8E1E431637550300DCB6CF /* MetrolinkPDFController.m */; };
		CE8E1E4E1637673200DCB6CF /* PDFScrollView.m in Sources */ = {isa = PBXBuildFile; fileRef = CE8E1E4D1637673200DCB6CF /* PDFScrollView.m */; };
		CE8E1E511637674D00DCB6CF /* TiledPDFView.m in Sources */ = {isa = PBXBuildFile; fileRef = CE8E1E501637674D00DCB6CF /* TiledPDFView.m */; };
		CE8E1E531637700C00DCB6CF /* QuartzCore.framework in Frameworks */ = {isa = PBXBuildFile; fileRef = CE8E1E521637700C00DCB6CF /* QuartzCore.framework */; };
		CEDAA4DA16320EF900FD3A25 /* UIKit.framework in Frameworks */ = {isa = PBXBuildFile; fileRef = CEDAA4D916320EF900FD3A25 /* UIKit.framework */; };
		CEDAA4DC16320EF900FD3A25 /* Foundation.framework in Frameworks */ = {isa = PBXBuildFile; fileRef = CEDAA4DB16320EF900FD3A25 /* Foundation.framework */; };
		CEDAA4DE16320EF900FD3A25 /* CoreGraphics.framework in Frameworks */ = {isa = PBXBuildFile; fileRef = CEDAA4DD16320EF900FD3A25 /* CoreGraphics.framework */; };
		CEDAA4E416320EFA00FD3A25 /* InfoPlist.strings in Resources */ = {isa = PBXBuildFile; fileRef = CEDAA4E216320EFA00FD3A25 /* InfoPlist.strings */; };
		CEDAA4E616320EFA00FD3A25 /* main.m in Sources */ = {isa = PBXBuildFile; fileRef = CEDAA4E516320EFA00FD3A25 /* main.m */; };
		CEDAA4EA16320EFA00FD3A25 /* AppDelegate.m in Sources */ = {isa = PBXBuildFile; fileRef = CEDAA4E916320EFA00FD3A25 /* AppDelegate.m */; };
		CEDAA4ED16320EFA00FD3A25 /* MainStoryboard_iPhone.storyboard in Resources */ = {isa = PBXBuildFile; fileRef = CEDAA4EB16320EFA00FD3A25 /* MainStoryboard_iPhone.storyboard */; };
		CEDAA4F316320EFA00FD3A25 /* ViewController.m in Sources */ = {isa = PBXBuildFile; fileRef = CEDAA4F216320EFA00FD3A25 /* ViewController.m */; };
		CEDAA4FB16320EFA00FD3A25 /* SenTestingKit.framework in Frameworks */ = {isa = PBXBuildFile; fileRef = CEDAA4FA16320EFA00FD3A25 /* SenTestingKit.framework */; };
		CEDAA4FC16320EFA00FD3A25 /* UIKit.framework in Frameworks */ = {isa = PBXBuildFile; fileRef = CEDAA4D916320EF900FD3A25 /* UIKit.framework */; };
		CEDAA4FD16320EFA00FD3A25 /* Foundation.framework in Frameworks */ = {isa = PBXBuildFile; fileRef = CEDAA4DB16320EF900FD3A25 /* Foundation.framework */; };
		CEDAA50516320EFB00FD3A25 /* InfoPlist.strings in Resources */ = {isa = PBXBuildFile; fileRef = CEDAA50316320EFB00FD3A25 /* InfoPlist.strings */; };
		CEDAA50816320EFB00FD3A25 /* Soto_Katie_asgt4Tests.m in Sources */ = {isa = PBXBuildFile; fileRef = CEDAA50716320EFB00FD3A25 /* Soto_Katie_asgt4Tests.m */; };
		CEDAA516163210E400FD3A25 /* OCTATableViewController.m in Sources */ = {isa = PBXBuildFile; fileRef = CEDAA515163210E400FD3A25 /* OCTATableViewController.m */; };
/* End PBXBuildFile section */

/* Begin PBXContainerItemProxy section */
		CEDAA4FE16320EFA00FD3A25 /* PBXContainerItemProxy */ = {
			isa = PBXContainerItemProxy;
			containerPortal = CEDAA4CC16320EF900FD3A25 /* Project object */;
			proxyType = 1;
			remoteGlobalIDString = CEDAA4D416320EF900FD3A25;
			remoteInfo = Soto.Katie_asgt4;
		};
/* End PBXContainerItemProxy section */

/* Begin PBXFileReference section */
		AC8815561635EC5700141253 /* MetrolinkDataSource.h */ = {isa = PBXFileReference; fileEncoding = 4; lastKnownFileType = sourcecode.c.h; name = MetrolinkDataSource.h; path = Soto.Katie_asgt4/MetrolinkDataSource.h; sourceTree = "<group>"; };
		AC8815571635EC5700141253 /* MetrolinkDataSource.m */ = {isa = PBXFileReference; fileEncoding = 4; lastKnownFileType = sourcecode.c.objc; name = MetrolinkDataSource.m; path = Soto.Katie_asgt4/MetrolinkDataSource.m; sourceTree = "<group>"; };
		AC8815591635EF9100141253 /* OCTADataSource.h */ = {isa = PBXFileReference; fileEncoding = 4; lastKnownFileType = sourcecode.c.h; name = OCTADataSource.h; path = Soto.Katie_asgt4/OCTADataSource.h; sourceTree = "<group>"; };
		AC88155A1635EF9100141253 /* OCTADataSource.m */ = {isa = PBXFileReference; fileEncoding = 4; lastKnownFileType = sourcecode.c.objc; name = OCTADataSource.m; path = Soto.Katie_asgt4/OCTADataSource.m; sourceTree = "<group>"; };
		AC88155C1635F01700141253 /* OCTATableCell.h */ = {isa = PBXFileReference; fileEncoding = 4; lastKnownFileType = sourcecode.c.h; name = OCTATableCell.h; path = Soto.Katie_asgt4/OCTATableCell.h; sourceTree = "<group>"; };
		AC88155D1635F01700141253 /* OCTATableCell.m */ = {isa = PBXFileReference; fileEncoding = 4; lastKnownFileType = sourcecode.c.objc; name = OCTATableCell.m; path = Soto.Katie_asgt4/OCTATableCell.m; sourceTree = "<group>"; };
		CE8E1E2316372E8900DCB6CF /* MetrolinkLineList.h */ = {isa = PBXFileReference; fileEncoding = 4; lastKnownFileType = sourcecode.c.h; name = MetrolinkLineList.h; path = Soto.Katie_asgt4/MetrolinkLineList.h; sourceTree = "<group>"; };
		CE8E1E2416372E8900DCB6CF /* MetrolinkLineList.m */ = {isa = PBXFileReference; fileEncoding = 4; lastKnownFileType = sourcecode.c.objc; name = MetrolinkLineList.m; path = Soto.Katie_asgt4/MetrolinkLineList.m; sourceTree = "<group>"; };
		CE8E1E27163734FA00DCB6CF /* MetrolinkCityList.h */ = {isa = PBXFileReference; fileEncoding = 4; lastKnownFileType = sourcecode.c.h; name = MetrolinkCityList.h; path = Soto.Katie_asgt4/MetrolinkCityList.h; sourceTree = "<group>"; };
		CE8E1E28163734FB00DCB6CF /* MetrolinkCityList.m */ = {isa = PBXFileReference; fileEncoding = 4; lastKnownFileType = sourcecode.c.objc; name = MetrolinkCityList.m; path = Soto.Katie_asgt4/MetrolinkCityList.m; sourceTree = "<group>"; };
		CE8E1E2F1637478F00DCB6CF /* MetrolinkTimesList.h */ = {isa = PBXFileReference; fileEncoding = 4; lastKnownFileType = sourcecode.c.h; name = MetrolinkTimesList.h; path = Soto.Katie_asgt4/MetrolinkTimesList.h; sourceTree = "<group>"; };
		CE8E1E301637478F00DCB6CF /* MetrolinkTimesList.m */ = {isa = PBXFileReference; fileEncoding = 4; lastKnownFileType = sourcecode.c.objc; name = MetrolinkTimesList.m; path = Soto.Katie_asgt4/MetrolinkTimesList.m; sourceTree = "<group>"; };
		CE8E1E36163753DB00DCB6CF /* Metrolink_All_Lines_timetable.pdf */ = {isa = PBXFileReference; lastKnownFileType = image.pdf; name = Metrolink_All_Lines_timetable.pdf; path = Resources/Metrolink_All_Lines_timetable.pdf; sourceTree = "<group>"; };
		CE8E1E38163753E700DCB6CF /* sysmapjune12.pdf */ = {isa = PBXFileReference; lastKnownFileType = image.pdf; name = sysmapjune12.pdf; path = Resources/sysmapjune12.pdf; sourceTree = "<group>"; };
		CE8E1E3A1637540C00DCB6CF /* 6-12AM.png */ = {isa = PBXFileReference; lastKnownFileType = image.png; name = "6-12AM.png"; path = "Resources/images/6-12AM.png"; sourceTree = "<group>"; };
		CE8E1E3B1637540C00DCB6CF /* 6-12PM.png */ = {isa = PBXFileReference; lastKnownFileType = image.png; name = "6-12PM.png"; path = "Resources/images/6-12PM.png"; sourceTree = "<group>"; };
		CE8E1E3C1637540C00DCB6CF /* 12-6AM.png */ = {isa = PBXFileReference; lastKnownFileType = image.png; name = "12-6AM.png"; path = "Resources/images/12-6AM.png"; sourceTree = "<group>"; };
		CE8E1E3D1637540C00DCB6CF /* 12-6PM.png */ = {isa = PBXFileReference; lastKnownFileType = image.png; name = "12-6PM.png"; path = "Resources/images/12-6PM.png"; sourceTree = "<group>"; };
		CE8E1E421637550300DCB6CF /* MetrolinkPDFController.h */ = {isa = PBXFileReference; fileEncoding = 4; lastKnownFileType = sourcecode.c.h; name = MetrolinkPDFController.h; path = Soto.Katie_asgt4/MetrolinkPDFController.h; sourceTree = "<group>"; };
		CE8E1E431637550300DCB6CF /* MetrolinkPDFController.m */ = {isa = PBXFileReference; fileEncoding = 4; lastKnownFileType = sourcecode.c.objc; name = MetrolinkPDFController.m; path = Soto.Katie_asgt4/MetrolinkPDFController.m; sourceTree = "<group>"; };
		CE8E1E4C1637673200DCB6CF /* PDFScrollView.h */ = {isa = PBXFileReference; fileEncoding = 4; lastKnownFileType = sourcecode.c.h; name = PDFScrollView.h; path = Soto.Katie_asgt4/PDFScrollView.h; sourceTree = "<group>"; };
		CE8E1E4D1637673200DCB6CF /* PDFScrollView.m */ = {isa = PBXFileReference; fileEncoding = 4; lastKnownFileType = sourcecode.c.objc; name = PDFScrollView.m; path = Soto.Katie_asgt4/PDFScrollView.m; sourceTree = "<group>"; };
		CE8E1E4F1637674D00DCB6CF /* TiledPDFView.h */ = {isa = PBXFileReference; fileEncoding = 4; lastKnownFileType = sourcecode.c.h; name = TiledPDFView.h; path = Soto.Katie_asgt4/TiledPDFView.h; sourceTree = "<group>"; };
		CE8E1E501637674D00DCB6CF /* TiledPDFView.m */ = {isa = PBXFileReference; fileEncoding = 4; lastKnownFileType = sourcecode.c.objc; name = TiledPDFView.m; path = Soto.Katie_asgt4/TiledPDFView.m; sourceTree = "<group>"; };
		CE8E1E521637700C00DCB6CF /* QuartzCore.framework */ = {isa = PBXFileReference; lastKnownFileType = wrapper.framework; name = QuartzCore.framework; path = System/Library/Frameworks/QuartzCore.framework; sourceTree = SDKROOT; };
		CEDAA4D516320EF900FD3A25 /* Soto.Katie_asgt4.app */ = {isa = PBXFileReference; explicitFileType = wrapper.application; includeInIndex = 0; path = Soto.Katie_asgt4.app; sourceTree = BUILT_PRODUCTS_DIR; };
		CEDAA4D916320EF900FD3A25 /* UIKit.framework */ = {isa = PBXFileReference; lastKnownFileType = wrapper.framework; name = UIKit.framework; path = System/Library/Frameworks/UIKit.framework; sourceTree = SDKROOT; };
		CEDAA4DB16320EF900FD3A25 /* Foundation.framework */ = {isa = PBXFileReference; lastKnownFileType = wrapper.framework; name = Foundation.framework; path = System/Library/Frameworks/Foundation.framework; sourceTree = SDKROOT; };
		CEDAA4DD16320EF900FD3A25 /* CoreGraphics.framework */ = {isa = PBXFileReference; lastKnownFileType = wrapper.framework; name = CoreGraphics.framework; path = System/Library/Frameworks/CoreGraphics.framework; sourceTree = SDKROOT; };
		CEDAA4E116320EFA00FD3A25 /* Soto.Katie_asgt4-Info.plist */ = {isa = PBXFileReference; lastKnownFileType = text.plist.xml; name = "Soto.Katie_asgt4-Info.plist"; path = "Soto.Katie_asgt4/Soto.Katie_asgt4-Info.plist"; sourceTree = "<group>"; };
		CEDAA4E316320EFA00FD3A25 /* en */ = {isa = PBXFileReference; lastKnownFileType = text.plist.strings; name = en; path = en.lproj/InfoPlist.strings; sourceTree = "<group>"; };
		CEDAA4E516320EFA00FD3A25 /* main.m */ = {isa = PBXFileReference; lastKnownFileType = sourcecode.c.objc; name = main.m; path = Soto.Katie_asgt4/main.m; sourceTree = "<group>"; };
		CEDAA4E716320EFA00FD3A25 /* Soto.Katie_asgt4-Prefix.pch */ = {isa = PBXFileReference; lastKnownFileType = sourcecode.c.h; name = "Soto.Katie_asgt4-Prefix.pch"; path = "Soto.Katie_asgt4/Soto.Katie_asgt4-Prefix.pch"; sourceTree = "<group>"; };
		CEDAA4E816320EFA00FD3A25 /* AppDelegate.h */ = {isa = PBXFileReference; lastKnownFileType = sourcecode.c.h; name = AppDelegate.h; path = Soto.Katie_asgt4/AppDelegate.h; sourceTree = "<group>"; };
		CEDAA4E916320EFA00FD3A25 /* AppDelegate.m */ = {isa = PBXFileReference; lastKnownFileType = sourcecode.c.objc; name = AppDelegate.m; path = Soto.Katie_asgt4/AppDelegate.m; sourceTree = "<group>"; };
		CEDAA4EC16320EFA00FD3A25 /* en */ = {isa = PBXFileReference; lastKnownFileType = file.storyboard; name = en; path = en.lproj/MainStoryboard_iPhone.storyboard; sourceTree = "<group>"; };
		CEDAA4F116320EFA00FD3A25 /* ViewController.h */ = {isa = PBXFileReference; lastKnownFileType = sourcecode.c.h; name = ViewController.h; path = Soto.Katie_asgt4/ViewController.h; sourceTree = "<group>"; };
		CEDAA4F216320EFA00FD3A25 /* ViewController.m */ = {isa = PBXFileReference; lastKnownFileType = sourcecode.c.objc; name = ViewController.m; path = Soto.Katie_asgt4/ViewController.m; sourceTree = "<group>"; };
		CEDAA4F916320EFA00FD3A25 /* Soto.Katie_asgt4Tests.octest */ = {isa = PBXFileReference; explicitFileType = wrapper.cfbundle; includeInIndex = 0; path = Soto.Katie_asgt4Tests.octest; sourceTree = BUILT_PRODUCTS_DIR; };
		CEDAA4FA16320EFA00FD3A25 /* SenTestingKit.framework */ = {isa = PBXFileReference; lastKnownFileType = wrapper.framework; name = SenTestingKit.framework; path = Library/Frameworks/SenTestingKit.framework; sourceTree = DEVELOPER_DIR; };
		CEDAA50216320EFB00FD3A25 /* Soto.Katie_asgt4Tests-Info.plist */ = {isa = PBXFileReference; lastKnownFileType = text.plist.xml; path = "Soto.Katie_asgt4Tests-Info.plist"; sourceTree = "<group>"; };
		CEDAA50416320EFB00FD3A25 /* en */ = {isa = PBXFileReference; lastKnownFileType = text.plist.strings; name = en; path = en.lproj/InfoPlist.strings; sourceTree = "<group>"; };
		CEDAA50616320EFB00FD3A25 /* Soto_Katie_asgt4Tests.h */ = {isa = PBXFileReference; lastKnownFileType = sourcecode.c.h; path = Soto_Katie_asgt4Tests.h; sourceTree = "<group>"; };
		CEDAA50716320EFB00FD3A25 /* Soto_Katie_asgt4Tests.m */ = {isa = PBXFileReference; lastKnownFileType = sourcecode.c.objc; path = Soto_Katie_asgt4Tests.m; sourceTree = "<group>"; };
		CEDAA514163210E400FD3A25 /* OCTATableViewController.h */ = {isa = PBXFileReference; fileEncoding = 4; lastKnownFileType = sourcecode.c.h; name = OCTATableViewController.h; path = Soto.Katie_asgt4/OCTATableViewController.h; sourceTree = "<group>"; };
		CEDAA515163210E400FD3A25 /* OCTATableViewController.m */ = {isa = PBXFileReference; fileEncoding = 4; lastKnownFileType = sourcecode.c.objc; name = OCTATableViewController.m; path = Soto.Katie_asgt4/OCTATableViewController.m; sourceTree = "<group>"; };
/* End PBXFileReference section */

/* Begin PBXFrameworksBuildPhase section */
		CEDAA4D216320EF900FD3A25 /* Frameworks */ = {
			isa = PBXFrameworksBuildPhase;
			buildActionMask = 2147483647;
			files = (
				CEDAA4DA16320EF900FD3A25 /* UIKit.framework in Frameworks */,
				CEDAA4DC16320EF900FD3A25 /* Foundation.framework in Frameworks */,
				CEDAA4DE16320EF900FD3A25 /* CoreGraphics.framework in Frameworks */,
				CE8E1E531637700C00DCB6CF /* QuartzCore.framework in Frameworks */,
			);
			runOnlyForDeploymentPostprocessing = 0;
		};
		CEDAA4F516320EFA00FD3A25 /* Frameworks */ = {
			isa = PBXFrameworksBuildPhase;
			buildActionMask = 2147483647;
			files = (
				CEDAA4FB16320EFA00FD3A25 /* SenTestingKit.framework in Frameworks */,
				CEDAA4FC16320EFA00FD3A25 /* UIKit.framework in Frameworks */,
				CEDAA4FD16320EFA00FD3A25 /* Foundation.framework in Frameworks */,
			);
			runOnlyForDeploymentPostprocessing = 0;
		};
/* End PBXFrameworksBuildPhase section */

/* Begin PBXGroup section */
		ACFDD2FE1635D3D6004F93E4 /* OCTA */ = {
			isa = PBXGroup;
			children = (
				CEDAA514163210E400FD3A25 /* OCTATableViewController.h */,
				CEDAA515163210E400FD3A25 /* OCTATableViewController.m */,
				AC88155C1635F01700141253 /* OCTATableCell.h */,
				AC88155D1635F01700141253 /* OCTATableCell.m */,
				AC8815591635EF9100141253 /* OCTADataSource.h */,
				AC88155A1635EF9100141253 /* OCTADataSource.m */,
			);
			name = OCTA;
			sourceTree = "<group>";
		};
		ACFDD3211635DB6D004F93E4 /* Metrolink */ = {
			isa = PBXGroup;
			children = (
				AC8815561635EC5700141253 /* MetrolinkDataSource.h */,
				AC8815571635EC5700141253 /* MetrolinkDataSource.m */,
				CE8E1E2316372E8900DCB6CF /* MetrolinkLineList.h */,
				CE8E1E2416372E8900DCB6CF /* MetrolinkLineList.m */,
				CE8E1E27163734FA00DCB6CF /* MetrolinkCityList.h */,
				CE8E1E28163734FB00DCB6CF /* MetrolinkCityList.m */,
				CE8E1E2F1637478F00DCB6CF /* MetrolinkTimesList.h */,
				CE8E1E301637478F00DCB6CF /* MetrolinkTimesList.m */,
				CE8E1E421637550300DCB6CF /* MetrolinkPDFController.h */,
				CE8E1E431637550300DCB6CF /* MetrolinkPDFController.m */,
			);
			name = Metrolink;
			sourceTree = "<group>";
		};
		CE8E1E4B163766FD00DCB6CF /* PDF Helpers */ = {
			isa = PBXGroup;
			children = (
				CE8E1E4C1637673200DCB6CF /* PDFScrollView.h */,
				CE8E1E4D1637673200DCB6CF /* PDFScrollView.m */,
				CE8E1E4F1637674D00DCB6CF /* TiledPDFView.h */,
				CE8E1E501637674D00DCB6CF /* TiledPDFView.m */,
			);
			name = "PDF Helpers";
			sourceTree = "<group>";
		};
		CEDAA4CA16320EF900FD3A25 = {
			isa = PBXGroup;
			children = (
				CE8E1E4B163766FD00DCB6CF /* PDF Helpers */,
				ACFDD3211635DB6D004F93E4 /* Metrolink */,
				ACFDD2FE1635D3D6004F93E4 /* OCTA */,
				CEDAA52A16321DDA00FD3A25 /* Main Files */,
				CEDAA52C16321DF100FD3A25 /* Other Supporting Files */,
				CEDAA52016321D6500FD3A25 /* Resources */,
				CEDAA50016320EFA00FD3A25 /* Soto.Katie_asgt4Tests */,
				CEDAA4D816320EF900FD3A25 /* Frameworks */,
				CEDAA4D616320EF900FD3A25 /* Products */,
			);
			sourceTree = "<group>";
		};
		CEDAA4D616320EF900FD3A25 /* Products */ = {
			isa = PBXGroup;
			children = (
				CEDAA4D516320EF900FD3A25 /* Soto.Katie_asgt4.app */,
				CEDAA4F916320EFA00FD3A25 /* Soto.Katie_asgt4Tests.octest */,
			);
			name = Products;
			sourceTree = "<group>";
		};
		CEDAA4D816320EF900FD3A25 /* Frameworks */ = {
			isa = PBXGroup;
			children = (
				CEDAA4D916320EF900FD3A25 /* UIKit.framework */,
				CEDAA4DB16320EF900FD3A25 /* Foundation.framework */,
				CEDAA4DD16320EF900FD3A25 /* CoreGraphics.framework */,
				CE8E1E521637700C00DCB6CF /* QuartzCore.framework */,
				CEDAA4FA16320EFA00FD3A25 /* SenTestingKit.framework */,
			);
			name = Frameworks;
			sourceTree = "<group>";
		};
		CEDAA50016320EFA00FD3A25 /* Soto.Katie_asgt4Tests */ = {
			isa = PBXGroup;
			children = (
				CEDAA50616320EFB00FD3A25 /* Soto_Katie_asgt4Tests.h */,
				CEDAA50716320EFB00FD3A25 /* Soto_Katie_asgt4Tests.m */,
				CEDAA50116320EFB00FD3A25 /* Supporting Files */,
			);
			path = Soto.Katie_asgt4Tests;
			sourceTree = "<group>";
		};
		CEDAA50116320EFB00FD3A25 /* Supporting Files */ = {
			isa = PBXGroup;
			children = (
				CEDAA50216320EFB00FD3A25 /* Soto.Katie_asgt4Tests-Info.plist */,
				CEDAA50316320EFB00FD3A25 /* InfoPlist.strings */,
			);
			name = "Supporting Files";
			sourceTree = "<group>";
		};
		CEDAA52016321D6500FD3A25 /* Resources */ = {
			isa = PBXGroup;
			children = (
				CE8E1E38163753E700DCB6CF /* sysmapjune12.pdf */,
				CE8E1E36163753DB00DCB6CF /* Metrolink_All_Lines_timetable.pdf */,
				CEDAA52116321D7C00FD3A25 /* images */,
			);
			name = Resources;
			sourceTree = "<group>";
		};
		CEDAA52116321D7C00FD3A25 /* images */ = {
			isa = PBXGroup;
			children = (
				CE8E1E3A1637540C00DCB6CF /* 6-12AM.png */,
				CE8E1E3B1637540C00DCB6CF /* 6-12PM.png */,
				CE8E1E3C1637540C00DCB6CF /* 12-6AM.png */,
				CE8E1E3D1637540C00DCB6CF /* 12-6PM.png */,
			);
			name = images;
			sourceTree = "<group>";
		};
		CEDAA52A16321DDA00FD3A25 /* Main Files */ = {
			isa = PBXGroup;
			children = (
				CEDAA4F116320EFA00FD3A25 /* ViewController.h */,
				CEDAA4F216320EFA00FD3A25 /* ViewController.m */,
				CEDAA4EB16320EFA00FD3A25 /* MainStoryboard_iPhone.storyboard */,
				CEDAA4E816320EFA00FD3A25 /* AppDelegate.h */,
				CEDAA4E916320EFA00FD3A25 /* AppDelegate.m */,
			);
			name = "Main Files";
			sourceTree = "<group>";
		};
		CEDAA52C16321DF100FD3A25 /* Other Supporting Files */ = {
			isa = PBXGroup;
			children = (
				CEDAA4E516320EFA00FD3A25 /* main.m */,
				CEDAA4E216320EFA00FD3A25 /* InfoPlist.strings */,
				CEDAA4E116320EFA00FD3A25 /* Soto.Katie_asgt4-Info.plist */,
				CEDAA4E716320EFA00FD3A25 /* Soto.Katie_asgt4-Prefix.pch */,
			);
			name = "Other Supporting Files";
			sourceTree = "<group>";
		};
/* End PBXGroup section */

/* Begin PBXNativeTarget section */
		CEDAA4D416320EF900FD3A25 /* Soto.Katie_asgt4 */ = {
			isa = PBXNativeTarget;
			buildConfigurationList = CEDAA50B16320EFB00FD3A25 /* Build configuration list for PBXNativeTarget "Soto.Katie_asgt4" */;
			buildPhases = (
				CEDAA4D116320EF900FD3A25 /* Sources */,
				CEDAA4D216320EF900FD3A25 /* Frameworks */,
				CEDAA4D316320EF900FD3A25 /* Resources */,
			);
			buildRules = (
			);
			dependencies = (
			);
			name = Soto.Katie_asgt4;
			productName = Soto.Katie_asgt4;
			productReference = CEDAA4D516320EF900FD3A25 /* Soto.Katie_asgt4.app */;
			productType = "com.apple.product-type.application";
		};
		CEDAA4F816320EFA00FD3A25 /* Soto.Katie_asgt4Tests */ = {
			isa = PBXNativeTarget;
			buildConfigurationList = CEDAA50E16320EFB00FD3A25 /* Build configuration list for PBXNativeTarget "Soto.Katie_asgt4Tests" */;
			buildPhases = (
				CEDAA4F416320EFA00FD3A25 /* Sources */,
				CEDAA4F516320EFA00FD3A25 /* Frameworks */,
				CEDAA4F616320EFA00FD3A25 /* Resources */,
				CEDAA4F716320EFA00FD3A25 /* ShellScript */,
			);
			buildRules = (
			);
			dependencies = (
				CEDAA4FF16320EFA00FD3A25 /* PBXTargetDependency */,
			);
			name = Soto.Katie_asgt4Tests;
			productName = Soto.Katie_asgt4Tests;
			productReference = CEDAA4F916320EFA00FD3A25 /* Soto.Katie_asgt4Tests.octest */;
			productType = "com.apple.product-type.bundle";
		};
/* End PBXNativeTarget section */

/* Begin PBXProject section */
		CEDAA4CC16320EF900FD3A25 /* Project object */ = {
			isa = PBXProject;
			attributes = {
				LastUpgradeCheck = 0440;
				ORGANIZATIONNAME = "Katie Soto";
			};
			buildConfigurationList = CEDAA4CF16320EF900FD3A25 /* Build configuration list for PBXProject "Soto.Katie_asgt4" */;
			compatibilityVersion = "Xcode 3.2";
			developmentRegion = English;
			hasScannedForEncodings = 0;
			knownRegions = (
				en,
			);
			mainGroup = CEDAA4CA16320EF900FD3A25;
			productRefGroup = CEDAA4D616320EF900FD3A25 /* Products */;
			projectDirPath = "";
			projectRoot = "";
			targets = (
				CEDAA4D416320EF900FD3A25 /* Soto.Katie_asgt4 */,
				CEDAA4F816320EFA00FD3A25 /* Soto.Katie_asgt4Tests */,
			);
		};
/* End PBXProject section */

/* Begin PBXResourcesBuildPhase section */
		CEDAA4D316320EF900FD3A25 /* Resources */ = {
			isa = PBXResourcesBuildPhase;
			buildActionMask = 2147483647;
			files = (
				CEDAA4E416320EFA00FD3A25 /* InfoPlist.strings in Resources */,
				CEDAA4ED16320EFA00FD3A25 /* MainStoryboard_iPhone.storyboard in Resources */,
				CE8E1E37163753DB00DCB6CF /* Metrolink_All_Lines_timetable.pdf in Resources */,
				CE8E1E39163753E700DCB6CF /* sysmapjune12.pdf in Resources */,
				CE8E1E3E1637540C00DCB6CF /* 6-12AM.png in Resources */,
				CE8E1E3F1637540C00DCB6CF /* 6-12PM.png in Resources */,
				CE8E1E401637540C00DCB6CF /* 12-6AM.png in Resources */,
				CE8E1E411637540C00DCB6CF /* 12-6PM.png in Resources */,
			);
			runOnlyForDeploymentPostprocessing = 0;
		};
		CEDAA4F616320EFA00FD3A25 /* Resources */ = {
			isa = PBXResourcesBuildPhase;
			buildActionMask = 2147483647;
			files = (
				CEDAA50516320EFB00FD3A25 /* InfoPlist.strings in Resources */,
			);
			runOnlyForDeploymentPostprocessing = 0;
		};
/* End PBXResourcesBuildPhase section */

/* Begin PBXShellScriptBuildPhase section */
		CEDAA4F716320EFA00FD3A25 /* ShellScript */ = {
			isa = PBXShellScriptBuildPhase;
			buildActionMask = 2147483647;
			files = (
			);
			inputPaths = (
			);
			outputPaths = (
			);
			runOnlyForDeploymentPostprocessing = 0;
			shellPath = /bin/sh;
			shellScript = "# Run the unit tests in this test bundle.\n\"${SYSTEM_DEVELOPER_DIR}/Tools/RunUnitTests\"\n";
		};
/* End PBXShellScriptBuildPhase section */

/* Begin PBXSourcesBuildPhase section */
		CEDAA4D116320EF900FD3A25 /* Sources */ = {
			isa = PBXSourcesBuildPhase;
			buildActionMask = 2147483647;
			files = (
				CEDAA4E616320EFA00FD3A25 /* main.m in Sources */,
				CEDAA4EA16320EFA00FD3A25 /* AppDelegate.m in Sources */,
				CEDAA4F316320EFA00FD3A25 /* ViewController.m in Sources */,
				CEDAA516163210E400FD3A25 /* OCTATableViewController.m in Sources */,
				AC8815581635EC5700141253 /* MetrolinkDataSource.m in Sources */,
				AC88155B1635EF9100141253 /* OCTADataSource.m in Sources */,
				AC88155E1635F01800141253 /* OCTATableCell.m in Sources */,
				CE8E1E2516372E8A00DCB6CF /* MetrolinkLineList.m in Sources */,
				CE8E1E29163734FB00DCB6CF /* MetrolinkCityList.m in Sources */,
				CE8E1E311637478F00DCB6CF /* MetrolinkTimesList.m in Sources */,
				CE8E1E441637550300DCB6CF /* MetrolinkPDFController.m in Sources */,
				CE8E1E4E1637673200DCB6CF /* PDFScrollView.m in Sources */,
				CE8E1E511637674D00DCB6CF /* TiledPDFView.m in Sources */,
			);
			runOnlyForDeploymentPostprocessing = 0;
		};
		CEDAA4F416320EFA00FD3A25 /* Sources */ = {
			isa = PBXSourcesBuildPhase;
			buildActionMask = 2147483647;
			files = (
				CEDAA50816320EFB00FD3A25 /* Soto_Katie_asgt4Tests.m in Sources */,
			);
			runOnlyForDeploymentPostprocessing = 0;
		};
/* End PBXSourcesBuildPhase section */

/* Begin PBXTargetDependency section */
		CEDAA4FF16320EFA00FD3A25 /* PBXTargetDependency */ = {
			isa = PBXTargetDependency;
			target = CEDAA4D416320EF900FD3A25 /* Soto.Katie_asgt4 */;
			targetProxy = CEDAA4FE16320EFA00FD3A25 /* PBXContainerItemProxy */;
		};
/* End PBXTargetDependency section */

/* Begin PBXVariantGroup section */
		CEDAA4E216320EFA00FD3A25 /* InfoPlist.strings */ = {
			isa = PBXVariantGroup;
			children = (
				CEDAA4E316320EFA00FD3A25 /* en */,
			);
			name = InfoPlist.strings;
			path = Soto.Katie_asgt4;
			sourceTree = "<group>";
		};
		CEDAA4EB16320EFA00FD3A25 /* MainStoryboard_iPhone.storyboard */ = {
			isa = PBXVariantGroup;
			children = (
				CEDAA4EC16320EFA00FD3A25 /* en */,
			);
			name = MainStoryboard_iPhone.storyboard;
			path = Soto.Katie_asgt4;
			sourceTree = "<group>";
		};
		CEDAA50316320EFB00FD3A25 /* InfoPlist.strings */ = {
			isa = PBXVariantGroup;
			children = (
				CEDAA50416320EFB00FD3A25 /* en */,
			);
			name = InfoPlist.strings;
			sourceTree = "<group>";
		};
/* End PBXVariantGroup section */

/* Begin XCBuildConfiguration section */
		CEDAA50916320EFB00FD3A25 /* Debug */ = {
			isa = XCBuildConfiguration;
			buildSettings = {
				ALWAYS_SEARCH_USER_PATHS = NO;
				ARCHS = "$(ARCHS_STANDARD_32_BIT)";
				CLANG_CXX_LANGUAGE_STANDARD = "gnu++0x";
				CLANG_ENABLE_OBJC_ARC = YES;
				CLANG_WARN__DUPLICATE_METHOD_MATCH = YES;
				"CODE_SIGN_IDENTITY[sdk=iphoneos*]" = "iPhone Developer";
				COPY_PHASE_STRIP = NO;
				GCC_C_LANGUAGE_STANDARD = gnu99;
				GCC_DYNAMIC_NO_PIC = NO;
				GCC_OPTIMIZATION_LEVEL = 0;
				GCC_PREPROCESSOR_DEFINITIONS = (
					"DEBUG=1",
					"$(inherited)",
				);
				GCC_SYMBOLS_PRIVATE_EXTERN = NO;
				GCC_VERSION = com.apple.compilers.llvm.clang.1_0;
				GCC_WARN_ABOUT_RETURN_TYPE = YES;
				GCC_WARN_UNINITIALIZED_AUTOS = YES;
				GCC_WARN_UNUSED_VARIABLE = YES;
				IPHONEOS_DEPLOYMENT_TARGET = 5.1;
				SDKROOT = iphoneos;
				TARGETED_DEVICE_FAMILY = "1,2";
			};
			name = Debug;
		};
		CEDAA50A16320EFB00FD3A25 /* Release */ = {
			isa = XCBuildConfiguration;
			buildSettings = {
				ALWAYS_SEARCH_USER_PATHS = NO;
				ARCHS = "$(ARCHS_STANDARD_32_BIT)";
				CLANG_CXX_LANGUAGE_STANDARD = "gnu++0x";
				CLANG_ENABLE_OBJC_ARC = YES;
				CLANG_WARN__DUPLICATE_METHOD_MATCH = YES;
				"CODE_SIGN_IDENTITY[sdk=iphoneos*]" = "iPhone Developer";
				COPY_PHASE_STRIP = YES;
				GCC_C_LANGUAGE_STANDARD = gnu99;
				GCC_VERSION = com.apple.compilers.llvm.clang.1_0;
				GCC_WARN_ABOUT_RETURN_TYPE = YES;
				GCC_WARN_UNINITIALIZED_AUTOS = YES;
				GCC_WARN_UNUSED_VARIABLE = YES;
				IPHONEOS_DEPLOYMENT_TARGET = 5.1;
				OTHER_CFLAGS = "-DNS_BLOCK_ASSERTIONS=1";
				SDKROOT = iphoneos;
				TARGETED_DEVICE_FAMILY = "1,2";
				VALIDATE_PRODUCT = YES;
			};
			name = Release;
		};
		CEDAA50C16320EFB00FD3A25 /* Debug */ = {
			isa = XCBuildConfiguration;
			buildSettings = {
				GCC_PRECOMPILE_PREFIX_HEADER = YES;
				GCC_PREFIX_HEADER = "Soto.Katie_asgt4/Soto.Katie_asgt4-Prefix.pch";
				INFOPLIST_FILE = "Soto.Katie_asgt4/Soto.Katie_asgt4-Info.plist";
				PRODUCT_NAME = "$(TARGET_NAME)";
				WRAPPER_EXTENSION = app;
			};
			name = Debug;
		};
		CEDAA50D16320EFB00FD3A25 /* Release */ = {
			isa = XCBuildConfiguration;
			buildSettings = {
				GCC_PRECOMPILE_PREFIX_HEADER = YES;
				GCC_PREFIX_HEADER = "Soto.Katie_asgt4/Soto.Katie_asgt4-Prefix.pch";
				INFOPLIST_FILE = "Soto.Katie_asgt4/Soto.Katie_asgt4-Info.plist";
				PRODUCT_NAME = "$(TARGET_NAME)";
				WRAPPER_EXTENSION = app;
			};
			name = Release;
		};
		CEDAA50F16320EFB00FD3A25 /* Debug */ = {
			isa = XCBuildConfiguration;
			buildSettings = {
				BUNDLE_LOADER = "$(BUILT_PRODUCTS_DIR)/Soto.Katie_asgt4.app/Soto.Katie_asgt4";
				FRAMEWORK_SEARCH_PATHS = (
					"\"$(SDKROOT)/Developer/Library/Frameworks\"",
					"\"$(DEVELOPER_LIBRARY_DIR)/Frameworks\"",
				);
				GCC_PRECOMPILE_PREFIX_HEADER = YES;
				GCC_PREFIX_HEADER = "Soto.Katie_asgt4/Soto.Katie_asgt4-Prefix.pch";
				INFOPLIST_FILE = "Soto.Katie_asgt4Tests/Soto.Katie_asgt4Tests-Info.plist";
				PRODUCT_NAME = "$(TARGET_NAME)";
				TEST_HOST = "$(BUNDLE_LOADER)";
				WRAPPER_EXTENSION = octest;
			};
			name = Debug;
		};
		CEDAA51016320EFB00FD3A25 /* Release */ = {
			isa = XCBuildConfiguration;
			buildSettings = {
				BUNDLE_LOADER = "$(BUILT_PRODUCTS_DIR)/Soto.Katie_asgt4.app/Soto.Katie_asgt4";
				FRAMEWORK_SEARCH_PATHS = (
					"\"$(SDKROOT)/Developer/Library/Frameworks\"",
					"\"$(DEVELOPER_LIBRARY_DIR)/Frameworks\"",
				);
				GCC_PRECOMPILE_PREFIX_HEADER = YES;
				GCC_PREFIX_HEADER = "Soto.Katie_asgt4/Soto.Katie_asgt4-Prefix.pch";
				INFOPLIST_FILE = "Soto.Katie_asgt4Tests/Soto.Katie_asgt4Tests-Info.plist";
				PRODUCT_NAME = "$(TARGET_NAME)";
				TEST_HOST = "$(BUNDLE_LOADER)";
				WRAPPER_EXTENSION = octest;
			};
			name = Release;
		};
/* End XCBuildConfiguration section */

/* Begin XCConfigurationList section */
		CEDAA4CF16320EF900FD3A25 /* Build configuration list for PBXProject "Soto.Katie_asgt4" */ = {
			isa = XCConfigurationList;
			buildConfigurations = (
				CEDAA50916320EFB00FD3A25 /* Debug */,
				CEDAA50A16320EFB00FD3A25 /* Release */,
			);
			defaultConfigurationIsVisible = 0;
			defaultConfigurationName = Release;
		};
		CEDAA50B16320EFB00FD3A25 /* Build configuration list for PBXNativeTarget "Soto.Katie_asgt4" */ = {
			isa = XCConfigurationList;
			buildConfigurations = (
				CEDAA50C16320EFB00FD3A25 /* Debug */,
				CEDAA50D16320EFB00FD3A25 /* Release */,
			);
			defaultConfigurationIsVisible = 0;
			defaultConfigurationName = Release;
		};
		CEDAA50E16320EFB00FD3A25 /* Build configuration list for PBXNativeTarget "Soto.Katie_asgt4Tests" */ = {
			isa = XCConfigurationList;
			buildConfigurations = (
				CEDAA50F16320EFB00FD3A25 /* Debug */,
				CEDAA51016320EFB00FD3A25 /* Release */,
			);
			defaultConfigurationIsVisible = 0;
			defaultConfigurationName = Release;
		};
/* End XCConfigurationList section */
	};
	rootObject = CEDAA4CC16320EF900FD3A25 /* Project object */;
}
